<?xml version="1.0" encoding="utf-8"?>
<Project ToolsVersion="4.0" xmlns="http://schemas.microsoft.com/developer/msbuild/2003">
  <ItemGroup>
    <Filter Include="源文件">
      <UniqueIdentifier>{4FC737F1-C7A5-4376-A066-2A32D752A2FF}</UniqueIdentifier>
      <Extensions>cpp;c;cc;cxx;def;odl;idl;hpj;bat;asm;asmx</Extensions>
    </Filter>
    <Filter Include="头文件">
      <UniqueIdentifier>{93995380-89BD-4b04-88EB-625FBE52EBFB}</UniqueIdentifier>
      <Extensions>h;hpp;hxx;hm;inl;inc;xsd</Extensions>
    </Filter>
    <Filter Include="资源文件">
      <UniqueIdentifier>{67DA6AB6-F800-4c08-8B7A-83BB121AAD01}</UniqueIdentifier>
      <Extensions>rc;ico;cur;bmp;dlg;rc2;rct;bin;rgs;gif;jpg;jpeg;jpe;resx;tiff;tif;png;wav;mfcribbon-ms</Extensions>
    </Filter>
  </ItemGroup>
  <ItemGroup>
    <None Include="ReadMe.txt" />
    <None Include="res\cyBookReader.rc2">
      <Filter>资源文件</Filter>
    </None>
    <None Include="res\cyBookReader.ico">
      <Filter>资源文件</Filter>
    </None>
    <None Include="sqlite\sqlite3.dll" />
  </ItemGroup>
  <ItemGroup>
    <ClInclude Include="cyBookReader.h">
      <Filter>头文件</Filter>
    </ClInclude>
    <ClInclude Include="cyBookReaderDlg.h">
      <Filter>头文件</Filter>
    </ClInclude>
    <ClInclude Include="stdafx.h">
      <Filter>头文件</Filter>
    </ClInclude>
    <ClInclude Include="targetver.h">
      <Filter>头文件</Filter>
    </ClInclude>
    <ClInclude Include="Resource.h">
      <Filter>头文件</Filter>
    </ClInclude>
    <ClInclude Include="cyStrBase.h">
      <Filter>头文件</Filter>
    </ClInclude>
    <ClInclude Include="MBookMark.h">
      <Filter>头文件</Filter>
    </ClInclude>
    <ClInclude Include="TextReaderWnd.h">
      <Filter>头文件</Filter>
    </ClInclude>
    <ClInclude Include="TxtBookMark.h">
      <Filter>头文件</Filter>
    </ClInclude>
    <ClInclude Include="EpubBookMark.h">
      <Filter>头文件</Filter>
    </ClInclude>
    <ClInclude Include="zip_utils_src\zip.h">
      <Filter>头文件</Filter>
    </ClInclude>
    <ClInclude Include="zip_utils_src\unzip.h">
      <Filter>头文件</Filter>
    </ClInclude>
    <ClInclude Include="tinyxml\tinystr.h">
      <Filter>头文件</Filter>
    </ClInclude>
    <ClInclude Include="tinyxml\tinyxml.h">
      <Filter>头文件</Filter>
    </ClInclude>
    <ClInclude Include="VSDialog.h">
      <Filter>头文件</Filter>
    </ClInclude>
    <ClInclude Include="EnvDb.h">
      <Filter>头文件</Filter>
    </ClInclude>
    <ClInclude Include="SQLiteTbl.h">
      <Filter>头文件</Filter>
    </ClInclude>
    <ClInclude Include="sqlite\sqlite3.h">
      <Filter>头文件</Filter>
    </ClInclude>
  </ItemGroup>
  <ItemGroup>
    <ClCompile Include="cyBookReader.cpp">
      <Filter>源文件</Filter>
    </ClCompile>
    <ClCompile Include="cyBookReaderDlg.cpp">
      <Filter>源文件</Filter>
    </ClCompile>
    <ClCompile Include="stdafx.cpp">
      <Filter>源文件</Filter>
    </ClCompile>
    <ClCompile Include="cyStrBase.cpp">
      <Filter>源文件</Filter>
    </ClCompile>
    <ClCompile Include="MBookMark.cpp">
      <Filter>源文件</Filter>
    </ClCompile>
    <ClCompile Include="TextReaderWnd.cpp">
      <Filter>源文件</Filter>
    </ClCompile>
    <ClCompile Include="TxtBookMark.cpp">
      <Filter>源文件</Filter>
    </ClCompile>
    <ClCompile Include="EpubBookMark.cpp">
      <Filter>源文件</Filter>
    </ClCompile>
    <ClCompile Include="zip_utils_src\unzip.cpp">
      <Filter>源文件</Filter>
    </ClCompile>
    <ClCompile Include="zip_utils_src\zip.cpp">
      <Filter>源文件</Filter>
    </ClCompile>
    <ClCompile Include="tinyxml\tinystr.cpp">
      <Filter>源文件</Filter>
    </ClCompile>
    <ClCompile Include="tinyxml\tinyxml.cpp">
      <Filter>源文件</Filter>
    </ClCompile>
    <ClCompile Include="tinyxml\tinyxmlerror.cpp">
      <Filter>源文件</Filter>
    </ClCompile>
    <ClCompile Include="tinyxml\tinyxmlparser.cpp">
      <Filter>源文件</Filter>
    </ClCompile>
    <ClCompile Include="VSDialog.cpp">
      <Filter>源文件</Filter>
    </ClCompile>
    <ClCompile Include="EnvDb.cpp">
      <Filter>源文件</Filter>
    </ClCompile>
    <ClCompile Include="SQLiteTbl.cpp">
      <Filter>源文件</Filter>
    </ClCompile>
  </ItemGroup>
  <ItemGroup>
    <ResourceCompile Include="cyBookReader.rc">
      <Filter>资源文件</Filter>
    </ResourceCompile>
  </ItemGroup>
  <ItemGroup>
    <Library Include="sqlite\sqlite3.lib" />
  </ItemGroup>
</Project>